
Microsoft Visual Studio Solution File, Format Version 12.00
# Visual Studio Version 17
VisualStudioVersion = 17.11.35208.52
MinimumVisualStudioVersion = 10.0.40219.1
Project("{FAE04EC0-301F-11D3-BF4B-00C04F79EFBC}") = "ScanShell_OCR", "ScanShell_OCR.csproj", "{3F372283-D4D0-48BC-8B60-4D5700993BFE}"
EndProject
Global
	GlobalSection(SolutionConfigurationPlatforms) = preSolution
		Debug|Any CPU = Debug|Any CPU
		Release|Any CPU = Release|Any CPU
	EndGlobalSection
	GlobalSection(ProjectConfigurationPlatforms) = postSolution
		{3F372283-D4D0-48BC-8B60-4D5700993BFE}.Debug|Any CPU.ActiveCfg = Debug|Any CPU
		{3F372283-D4D0-48BC-8B60-4D5700993BFE}.Debug|Any CPU.Build.0 = Debug|Any CPU
		{3F372283-D4D0-48BC-8B60-4D5700993BFE}.Release|Any CPU.ActiveCfg = Release|Any CPU
		{3F372283-D4D0-48BC-8B60-4D5700993BFE}.Release|Any CPU.Build.0 = Release|Any CPU
	EndGlobalSection
	GlobalSection(SolutionProperties) = preSolution
		HideSolutionNode = FALSE
	EndGlobalSection
	GlobalSection(ExtensibilityGlobals) = postSolution
		SolutionGuid = {E2CBEF45-2434-47CA-96E3-9D73ABBADEE4}
	EndGlobalSection
EndGlobal
